
Microsoft Visual Studio Solution File, Format Version 12.00
# Visual Studio Version 16
VisualStudioVersion = 16.0.31424.327
MinimumVisualStudioVersion = 10.0.40219.1
Project("{FAE04EC0-301F-11D3-BF4B-00C04F79EFBC}") = "CarShop", "CarShop.csproj", "{CFC5B1A4-3584-4ADC-A392-B04AB8B95AE5}"
EndProject
Global
	GlobalSection(SolutionConfigurationPlatforms) = preSolution
		Debug|Any CPU = Debug|Any CPU
		Release|Any CPU = Release|Any CPU
	EndGlobalSection
	GlobalSection(ProjectConfigurationPlatforms) = postSolution
		{CFC5B1A4-3584-4ADC-A392-B04AB8B95AE5}.Debug|Any CPU.ActiveCfg = Debug|Any CPU
		{CFC5B1A4-3584-4ADC-A392-B04AB8B95AE5}.Debug|Any CPU.Build.0 = Debug|Any CPU
		{CFC5B1A4-3584-4ADC-A392-B04AB8B95AE5}.Release|Any CPU.ActiveCfg = Release|Any CPU
		{CFC5B1A4-3584-4ADC-A392-B04AB8B95AE5}.Release|Any CPU.Build.0 = Release|Any CPU
	EndGlobalSection
	GlobalSection(SolutionProperties) = preSolution
		HideSolutionNode = FALSE
	EndGlobalSection
	GlobalSection(ExtensibilityGlobals) = postSolution
		SolutionGuid = {9FD03979-963C-4C1C-B4A1-4504E7031E4D}
	EndGlobalSection
EndGlobal
